PODS:
  - Flutter (1.0.0)
  - flutter_zoom_sdk (0.0.1):
    - Flutter

DEPENDENCIES:
  - Flutter (from `Flutter`)
  - flutter_zoom_sdk (from `.symlinks/plugins/flutter_zoom_sdk/ios`)

EXTERNAL SOURCES:
  Flutter:
    :path: Flutter
  flutter_zoom_sdk:
    :path: ".symlinks/plugins/flutter_zoom_sdk/ios"

SPEC CHECKSUMS:
  Flutter: 50d75fe2f02b26cc09d224853bb45737f8b3214a
  flutter_zoom_sdk: 62caf74a6f8822790a98b2251bf7f4a7e2590057

PODFILE CHECKSUM: aafe91acc616949ddb318b77800a7f51bffa2a4c

COCOAPODS: 1.11.2
